
Microsoft Visual Studio Solution File, Format Version 12.00
# Visual Studio Version 16
VisualStudioVersion = 16.0.30804.86
MinimumVisualStudioVersion = 10.0.40219.1
Project("{FAE04EC0-301F-11D3-BF4B-00C04F79EFBC}") = "GrowTopiaHacks", "GrowTopiaHacks\GrowTopiaHacks.csproj", "{14C27913-670E-4212-8EF7-3C23C6CAEC8C}"
EndProject
Global
	GlobalSection(SolutionConfigurationPlatforms) = preSolution
		Debug|Any CPU = Debug|Any CPU
		Release|Any CPU = Release|Any CPU
	EndGlobalSection
	GlobalSection(ProjectConfigurationPlatforms) = postSolution
		{14C27913-670E-4212-8EF7-3C23C6CAEC8C}.Debug|Any CPU.ActiveCfg = Debug|Any CPU
		{14C27913-670E-4212-8EF7-3C23C6CAEC8C}.Debug|Any CPU.Build.0 = Debug|Any CPU
		{14C27913-670E-4212-8EF7-3C23C6CAEC8C}.Release|Any CPU.ActiveCfg = Release|Any CPU
		{14C27913-670E-4212-8EF7-3C23C6CAEC8C}.Release|Any CPU.Build.0 = Release|Any CPU
	EndGlobalSection
	GlobalSection(SolutionProperties) = preSolution
		HideSolutionNode = FALSE
	EndGlobalSection
	GlobalSection(ExtensibilityGlobals) = postSolution
		SolutionGuid = {6A0D2CBB-E037-407A-93E5-0F0485B38A38}
	EndGlobalSection
EndGlobal
